
Microsoft Visual Studio Solution File, Format Version 12.00
# Visual Studio Version 16
VisualStudioVersion = 16.0.29709.97
MinimumVisualStudioVersion = 10.0.40219.1
Project("{9A19103F-16F7-4668-BE54-9A1E7A4F7556}") = "KelloWorld", "KelloWorld\KelloWorld.csproj", "{331E43B3-AF7A-4EAA-B3CE-8D2939DC104E}"
EndProject
Project("{E53339B2-1760-4266-BCC7-CA923CBCF16C}") = "docker-compose", "docker-compose.dcproj", "{7182B99C-775B-4A46-AD3A-249CD383E601}"
EndProject
Global
	GlobalSection(SolutionConfigurationPlatforms) = preSolution
		Debug|Any CPU = Debug|Any CPU
		Release|Any CPU = Release|Any CPU
	EndGlobalSection
	GlobalSection(ProjectConfigurationPlatforms) = postSolution
		{331E43B3-AF7A-4EAA-B3CE-8D2939DC104E}.Debug|Any CPU.ActiveCfg = Debug|Any CPU
		{331E43B3-AF7A-4EAA-B3CE-8D2939DC104E}.Debug|Any CPU.Build.0 = Debug|Any CPU
		{331E43B3-AF7A-4EAA-B3CE-8D2939DC104E}.Release|Any CPU.ActiveCfg = Release|Any CPU
		{331E43B3-AF7A-4EAA-B3CE-8D2939DC104E}.Release|Any CPU.Build.0 = Release|Any CPU
		{7182B99C-775B-4A46-AD3A-249CD383E601}.Debug|Any CPU.ActiveCfg = Debug|Any CPU
		{7182B99C-775B-4A46-AD3A-249CD383E601}.Debug|Any CPU.Build.0 = Debug|Any CPU
		{7182B99C-775B-4A46-AD3A-249CD383E601}.Release|Any CPU.ActiveCfg = Release|Any CPU
		{7182B99C-775B-4A46-AD3A-249CD383E601}.Release|Any CPU.Build.0 = Release|Any CPU
	EndGlobalSection
	GlobalSection(SolutionProperties) = preSolution
		HideSolutionNode = FALSE
	EndGlobalSection
	GlobalSection(ExtensibilityGlobals) = postSolution
		SolutionGuid = {8B365E41-0548-403F-BC2A-B37E5240AFEB}
		                SolutionGuid = {6A32EDE3-2CFE-48FC-AD94-4D8027EB70E5}
		        SolutionGuid = {65AF5B00-9CF4-4D1C-B063-CC29BEFC6CF4}
	EndGlobalSection
EndGlobal
